
Microsoft Visual Studio Solution File, Format Version 12.00
# Visual Studio Version 17
VisualStudioVersion = 17.0.31903.59
MinimumVisualStudioVersion = 10.0.40219.1
Project("{2150E333-8FDC-42A3-9474-1A3956D46DE8}") = "src", "src", "{827E0CD3-B72D-47B6-A68D-7590B98EB39B}"
EndProject
Project("{FAE04EC0-301F-11D3-BF4B-00C04F79EFBC}") = "FxRateService.Core", "src\FxRateService.Core\FxRateService.Core.csproj", "{783E7601-B9A3-4D15-9C9F-19CB3DD3A289}"
EndProject
Project("{2150E333-8FDC-42A3-9474-1A3956D46DE8}") = "tests", "tests", "{0AB3BF05-4346-4AA6-1389-037BE0695223}"
EndProject
Project("{FAE04EC0-301F-11D3-BF4B-00C04F79EFBC}") = "FxRateService.UnitTests", "tests\FxRateService.UnitTests\FxRateService.UnitTests.csproj", "{3CD1F086-8C87-47AA-908A-2A2E9B6FD7AA}"
EndProject
Project("{FAE04EC0-301F-11D3-BF4B-00C04F79EFBC}") = "FxRateService.Infrastructure", "src\FxRateService.Infrastructure\FxRateService.Infrastructure.csproj", "{9C1DB231-5DC1-45BB-9C34-3F9C710B67D5}"
EndProject
Project("{FAE04EC0-301F-11D3-BF4B-00C04F79EFBC}") = "FxRateService.IntegrationTests", "tests\FxRateService.IntegrationTests\FxRateService.IntegrationTests.csproj", "{37EC1B89-6CD2-4E15-BCFD-DACA66E365CF}"
EndProject
Project("{FAE04EC0-301F-11D3-BF4B-00C04F79EFBC}") = "FxRateService.Api", "src\FxRateService.Api\FxRateService.Api.csproj", "{93833D91-0712-4580-87CD-6C857A420DE8}"
EndProject
Global
	GlobalSection(SolutionConfigurationPlatforms) = preSolution
		Debug|Any CPU = Debug|Any CPU
		Debug|x64 = Debug|x64
		Debug|x86 = Debug|x86
		Release|Any CPU = Release|Any CPU
		Release|x64 = Release|x64
		Release|x86 = Release|x86
	EndGlobalSection
	GlobalSection(ProjectConfigurationPlatforms) = postSolution
		{783E7601-B9A3-4D15-9C9F-19CB3DD3A289}.Debug|Any CPU.ActiveCfg = Debug|Any CPU
		{783E7601-B9A3-4D15-9C9F-19CB3DD3A289}.Debug|Any CPU.Build.0 = Debug|Any CPU
		{783E7601-B9A3-4D15-9C9F-19CB3DD3A289}.Debug|x64.ActiveCfg = Debug|Any CPU
		{783E7601-B9A3-4D15-9C9F-19CB3DD3A289}.Debug|x64.Build.0 = Debug|Any CPU
		{783E7601-B9A3-4D15-9C9F-19CB3DD3A289}.Debug|x86.ActiveCfg = Debug|Any CPU
		{783E7601-B9A3-4D15-9C9F-19CB3DD3A289}.Debug|x86.Build.0 = Debug|Any CPU
		{783E7601-B9A3-4D15-9C9F-19CB3DD3A289}.Release|Any CPU.ActiveCfg = Release|Any CPU
		{783E7601-B9A3-4D15-9C9F-19CB3DD3A289}.Release|Any CPU.Build.0 = Release|Any CPU
		{783E7601-B9A3-4D15-9C9F-19CB3DD3A289}.Release|x64.ActiveCfg = Release|Any CPU
		{783E7601-B9A3-4D15-9C9F-19CB3DD3A289}.Release|x64.Build.0 = Release|Any CPU
		{783E7601-B9A3-4D15-9C9F-19CB3DD3A289}.Release|x86.ActiveCfg = Release|Any CPU
		{783E7601-B9A3-4D15-9C9F-19CB3DD3A289}.Release|x86.Build.0 = Release|Any CPU
		{3CD1F086-8C87-47AA-908A-2A2E9B6FD7AA}.Debug|Any CPU.ActiveCfg = Debug|Any CPU
		{3CD1F086-8C87-47AA-908A-2A2E9B6FD7AA}.Debug|Any CPU.Build.0 = Debug|Any CPU
		{3CD1F086-8C87-47AA-908A-2A2E9B6FD7AA}.Debug|x64.ActiveCfg = Debug|Any CPU
		{3CD1F086-8C87-47AA-908A-2A2E9B6FD7AA}.Debug|x64.Build.0 = Debug|Any CPU
		{3CD1F086-8C87-47AA-908A-2A2E9B6FD7AA}.Debug|x86.ActiveCfg = Debug|Any CPU
		{3CD1F086-8C87-47AA-908A-2A2E9B6FD7AA}.Debug|x86.Build.0 = Debug|Any CPU
		{3CD1F086-8C87-47AA-908A-2A2E9B6FD7AA}.Release|Any CPU.ActiveCfg = Release|Any CPU
		{3CD1F086-8C87-47AA-908A-2A2E9B6FD7AA}.Release|Any CPU.Build.0 = Release|Any CPU
		{3CD1F086-8C87-47AA-908A-2A2E9B6FD7AA}.Release|x64.ActiveCfg = Release|Any CPU
		{3CD1F086-8C87-47AA-908A-2A2E9B6FD7AA}.Release|x64.Build.0 = Release|Any CPU
		{3CD1F086-8C87-47AA-908A-2A2E9B6FD7AA}.Release|x86.ActiveCfg = Release|Any CPU
		{3CD1F086-8C87-47AA-908A-2A2E9B6FD7AA}.Release|x86.Build.0 = Release|Any CPU
		{9C1DB231-5DC1-45BB-9C34-3F9C710B67D5}.Debug|Any CPU.ActiveCfg = Debug|Any CPU
		{9C1DB231-5DC1-45BB-9C34-3F9C710B67D5}.Debug|Any CPU.Build.0 = Debug|Any CPU
		{9C1DB231-5DC1-45BB-9C34-3F9C710B67D5}.Debug|x64.ActiveCfg = Debug|Any CPU
		{9C1DB231-5DC1-45BB-9C34-3F9C710B67D5}.Debug|x64.Build.0 = Debug|Any CPU
		{9C1DB231-5DC1-45BB-9C34-3F9C710B67D5}.Debug|x86.ActiveCfg = Debug|Any CPU
		{9C1DB231-5DC1-45BB-9C34-3F9C710B67D5}.Debug|x86.Build.0 = Debug|Any CPU
		{9C1DB231-5DC1-45BB-9C34-3F9C710B67D5}.Release|Any CPU.ActiveCfg = Release|Any CPU
		{9C1DB231-5DC1-45BB-9C34-3F9C710B67D5}.Release|Any CPU.Build.0 = Release|Any CPU
		{9C1DB231-5DC1-45BB-9C34-3F9C710B67D5}.Release|x64.ActiveCfg = Release|Any CPU
		{9C1DB231-5DC1-45BB-9C34-3F9C710B67D5}.Release|x64.Build.0 = Release|Any CPU
		{9C1DB231-5DC1-45BB-9C34-3F9C710B67D5}.Release|x86.ActiveCfg = Release|Any CPU
		{9C1DB231-5DC1-45BB-9C34-3F9C710B67D5}.Release|x86.Build.0 = Release|Any CPU
		{37EC1B89-6CD2-4E15-BCFD-DACA66E365CF}.Debug|Any CPU.ActiveCfg = Debug|Any CPU
		{37EC1B89-6CD2-4E15-BCFD-DACA66E365CF}.Debug|Any CPU.Build.0 = Debug|Any CPU
		{37EC1B89-6CD2-4E15-BCFD-DACA66E365CF}.Debug|x64.ActiveCfg = Debug|Any CPU
		{37EC1B89-6CD2-4E15-BCFD-DACA66E365CF}.Debug|x64.Build.0 = Debug|Any CPU
		{37EC1B89-6CD2-4E15-BCFD-DACA66E365CF}.Debug|x86.ActiveCfg = Debug|Any CPU
		{37EC1B89-6CD2-4E15-BCFD-DACA66E365CF}.Debug|x86.Build.0 = Debug|Any CPU
		{37EC1B89-6CD2-4E15-BCFD-DACA66E365CF}.Release|Any CPU.ActiveCfg = Release|Any CPU
		{37EC1B89-6CD2-4E15-BCFD-DACA66E365CF}.Release|Any CPU.Build.0 = Release|Any CPU
		{37EC1B89-6CD2-4E15-BCFD-DACA66E365CF}.Release|x64.ActiveCfg = Release|Any CPU
		{37EC1B89-6CD2-4E15-BCFD-DACA66E365CF}.Release|x64.Build.0 = Release|Any CPU
		{37EC1B89-6CD2-4E15-BCFD-DACA66E365CF}.Release|x86.ActiveCfg = Release|Any CPU
		{37EC1B89-6CD2-4E15-BCFD-DACA66E365CF}.Release|x86.Build.0 = Release|Any CPU
		{93833D91-0712-4580-87CD-6C857A420DE8}.Debug|Any CPU.ActiveCfg = Debug|Any CPU
		{93833D91-0712-4580-87CD-6C857A420DE8}.Debug|Any CPU.Build.0 = Debug|Any CPU
		{93833D91-0712-4580-87CD-6C857A420DE8}.Debug|x64.ActiveCfg = Debug|Any CPU
		{93833D91-0712-4580-87CD-6C857A420DE8}.Debug|x64.Build.0 = Debug|Any CPU
		{93833D91-0712-4580-87CD-6C857A420DE8}.Debug|x86.ActiveCfg = Debug|Any CPU
		{93833D91-0712-4580-87CD-6C857A420DE8}.Debug|x86.Build.0 = Debug|Any CPU
		{93833D91-0712-4580-87CD-6C857A420DE8}.Release|Any CPU.ActiveCfg = Release|Any CPU
		{93833D91-0712-4580-87CD-6C857A420DE8}.Release|Any CPU.Build.0 = Release|Any CPU
		{93833D91-0712-4580-87CD-6C857A420DE8}.Release|x64.ActiveCfg = Release|Any CPU
		{93833D91-0712-4580-87CD-6C857A420DE8}.Release|x64.Build.0 = Release|Any CPU
		{93833D91-0712-4580-87CD-6C857A420DE8}.Release|x86.ActiveCfg = Release|Any CPU
		{93833D91-0712-4580-87CD-6C857A420DE8}.Release|x86.Build.0 = Release|Any CPU
	EndGlobalSection
	GlobalSection(SolutionProperties) = preSolution
		HideSolutionNode = FALSE
	EndGlobalSection
	GlobalSection(NestedProjects) = preSolution
		{783E7601-B9A3-4D15-9C9F-19CB3DD3A289} = {827E0CD3-B72D-47B6-A68D-7590B98EB39B}
		{3CD1F086-8C87-47AA-908A-2A2E9B6FD7AA} = {0AB3BF05-4346-4AA6-1389-037BE0695223}
		{9C1DB231-5DC1-45BB-9C34-3F9C710B67D5} = {827E0CD3-B72D-47B6-A68D-7590B98EB39B}
		{37EC1B89-6CD2-4E15-BCFD-DACA66E365CF} = {0AB3BF05-4346-4AA6-1389-037BE0695223}
		{93833D91-0712-4580-87CD-6C857A420DE8} = {827E0CD3-B72D-47B6-A68D-7590B98EB39B}
	EndGlobalSection
EndGlobal
